
Microsoft Visual Studio Solution File, Format Version 12.00
# Visual Studio Version 17
VisualStudioVersion = 17.2.32616.157
MinimumVisualStudioVersion = 10.0.40219.1
Project("{8BC9CEB8-8B4A-11D0-8D11-00A0C91BC942}") = "DCM2", "DCM2\DCM2.vcxproj", "{49F74249-1E0B-46A4-A91E-8EBD6991E7AF}"
EndProject
Global
	GlobalSection(SolutionConfigurationPlatforms) = preSolution
		Debug|x64 = Debug|x64
		Debug|x86 = Debug|x86
		Release|x64 = Release|x64
		Release|x86 = Release|x86
	EndGlobalSection
	GlobalSection(ProjectConfigurationPlatforms) = postSolution
		{49F74249-1E0B-46A4-A91E-8EBD6991E7AF}.Debug|x64.ActiveCfg = Debug|x64
		{49F74249-1E0B-46A4-A91E-8EBD6991E7AF}.Debug|x64.Build.0 = Debug|x64
		{49F74249-1E0B-46A4-A91E-8EBD6991E7AF}.Debug|x86.ActiveCfg = Debug|Win32
		{49F74249-1E0B-46A4-A91E-8EBD6991E7AF}.Debug|x86.Build.0 = Debug|Win32
		{49F74249-1E0B-46A4-A91E-8EBD6991E7AF}.Release|x64.ActiveCfg = Release|x64
		{49F74249-1E0B-46A4-A91E-8EBD6991E7AF}.Release|x64.Build.0 = Release|x64
		{49F74249-1E0B-46A4-A91E-8EBD6991E7AF}.Release|x86.ActiveCfg = Release|Win32
		{49F74249-1E0B-46A4-A91E-8EBD6991E7AF}.Release|x86.Build.0 = Release|Win32
	EndGlobalSection
	GlobalSection(SolutionProperties) = preSolution
		HideSolutionNode = FALSE
	EndGlobalSection
	GlobalSection(ExtensibilityGlobals) = postSolution
		SolutionGuid = {A56F1BFA-5C1B-4BB7-AA75-33D9358A5656}
	EndGlobalSection
EndGlobal
